
Microsoft Visual Studio Solution File, Format Version 12.00
# Visual Studio Version 16
VisualStudioVersion = 16.0.29311.281
MinimumVisualStudioVersion = 10.0.40219.1
Project("{FAE04EC0-301F-11D3-BF4B-00C04F79EFBC}") = "MyConsoleApplication", "MyConsoleApplication\MyConsoleApplication.csproj", "{EB46BF3B-B7C1-4CF4-ADAD-D1E2EFBC8C9C}"
EndProject
Project("{FAE04EC0-301F-11D3-BF4B-00C04F79EFBC}") = "MyConsoleApplication.Tests", "MyConsoleApplication.Tests\MyConsoleApplication.Tests.csproj", "{8862C2DF-F297-4277-AB18-B54901957351}"
EndProject
Global
	GlobalSection(SolutionConfigurationPlatforms) = preSolution
		Debug|Any CPU = Debug|Any CPU
		Release|Any CPU = Release|Any CPU
	EndGlobalSection
	GlobalSection(ProjectConfigurationPlatforms) = postSolution
		{EB46BF3B-B7C1-4CF4-ADAD-D1E2EFBC8C9C}.Debug|Any CPU.ActiveCfg = Debug|Any CPU
		{EB46BF3B-B7C1-4CF4-ADAD-D1E2EFBC8C9C}.Debug|Any CPU.Build.0 = Debug|Any CPU
		{EB46BF3B-B7C1-4CF4-ADAD-D1E2EFBC8C9C}.Release|Any CPU.ActiveCfg = Release|Any CPU
		{EB46BF3B-B7C1-4CF4-ADAD-D1E2EFBC8C9C}.Release|Any CPU.Build.0 = Release|Any CPU
		{8862C2DF-F297-4277-AB18-B54901957351}.Debug|Any CPU.ActiveCfg = Debug|Any CPU
		{8862C2DF-F297-4277-AB18-B54901957351}.Debug|Any CPU.Build.0 = Debug|Any CPU
		{8862C2DF-F297-4277-AB18-B54901957351}.Release|Any CPU.ActiveCfg = Release|Any CPU
		{8862C2DF-F297-4277-AB18-B54901957351}.Release|Any CPU.Build.0 = Release|Any CPU
	EndGlobalSection
	GlobalSection(SolutionProperties) = preSolution
		HideSolutionNode = FALSE
	EndGlobalSection
	GlobalSection(ExtensibilityGlobals) = postSolution
		SolutionGuid = {9E735262-583F-444E-AC93-65F0172A671F}
	EndGlobalSection
EndGlobal
